{
  "name": "fhir-data-tools",
  "version": "1.0.0",
  "lockfileVersion": 3,
  "requires": true,
  "packages": {
    "": {
      "name": "fhir-data-tools",
      "version": "1.0.0",
      "license": "ISC",
      "dependencies": {
        "@ahryman40k/ts-fhir-types": "^4.0.39",
        "@faker-js/faker": "^9.8.0"
      }
    },
    "node_modules/@ahryman40k/ts-fhir-types": {
      "version": "4.0.39",
      "resolved": "https://registry.npmjs.org/@ahryman40k/ts-fhir-types/-/ts-fhir-types-4.0.39.tgz",
      "integrity": "sha512-kguwevsphUZE4VMomTuDHa0HJDaYNKoEtFuZOqNRouqnQXAH5c/9YR9WexniF+EviWMY8qyHVz1/O6HamFBgmA==",
      "dependencies": {
        "fp-ts": "^2.11.8",
        "io-ts": "^2.2.16",
        "reflect-metadata": "^0.1.13"
      }
    },
    "node_modules/@faker-js/faker": {
      "version": "9.8.0",
      "resolved": "https://registry.npmjs.org/@faker-js/faker/-/faker-9.8.0.tgz",
      "integrity": "sha512-U9wpuSrJC93jZBxx/Qq2wPjCuYISBueyVUGK7qqdmj7r/nxaxwW8AQDCLeRO7wZnjj94sh3p246cAYjUKuqgfg==",
      "funding": [
        {
          "type": "opencollective",
          "url": "https://opencollective.com/fakerjs"
        }
      ],
      "engines": {
        "node": ">=18.0.0",
        "npm": ">=9.0.0"
      }
    },
    "node_modules/fp-ts": {
      "version": "2.16.10",
      "resolved": "https://registry.npmjs.org/fp-ts/-/fp-ts-2.16.10.tgz",
      "integrity": "sha512-vuROzbNVfCmUkZSUbnWSltR1sbheyQbTzug7LB/46fEa1c0EucLeBaCEUE0gF3ZGUGBt9lVUiziGOhhj6K1ORA=="
    },
    "node_modules/io-ts": {
      "version": "2.2.22",
      "resolved": "https://registry.npmjs.org/io-ts/-/io-ts-2.2.22.tgz",
      "integrity": "sha512-FHCCztTkHoV9mdBsHpocLpdTAfh956ZQcIkWQxxS0U5HT53vtrcuYdQneEJKH6xILaLNzXVl2Cvwtoy8XNN0AA==",
      "peerDependencies": {
        "fp-ts": "^2.5.0"
      }
    },
    "node_modules/reflect-metadata": {
      "version": "0.1.14",
      "resolved": "https://registry.npmjs.org/reflect-metadata/-/reflect-metadata-0.1.14.tgz",
      "integrity": "sha512-ZhYeb6nRaXCfhnndflDK8qI6ZQ/YcWZCISRAWICW9XYqMUwjZM9Z0DveWX/ABN01oxSHwVxKQmxeYZSsm0jh5A=="
    }
  }
}
